
Microsoft Visual Studio Solution File, Format Version 12.00
# Visual Studio Version 17
VisualStudioVersion = 17.6.33712.159
MinimumVisualStudioVersion = 10.0.40219.1
Project("{FAE04EC0-301F-11D3-BF4B-00C04F79EFBC}") = "Task_14_PolessUp", "Task_14_PolessUp\Task_14_PolessUp.csproj", "{B5C64018-E659-45F9-B7A3-BA54E9BA17A3}"
EndProject
Global
	GlobalSection(SolutionConfigurationPlatforms) = preSolution
		Debug|Any CPU = Debug|Any CPU
		Release|Any CPU = Release|Any CPU
	EndGlobalSection
	GlobalSection(ProjectConfigurationPlatforms) = postSolution
		{B5C64018-E659-45F9-B7A3-BA54E9BA17A3}.Debug|Any CPU.ActiveCfg = Debug|Any CPU
		{B5C64018-E659-45F9-B7A3-BA54E9BA17A3}.Debug|Any CPU.Build.0 = Debug|Any CPU
		{B5C64018-E659-45F9-B7A3-BA54E9BA17A3}.Release|Any CPU.ActiveCfg = Release|Any CPU
		{B5C64018-E659-45F9-B7A3-BA54E9BA17A3}.Release|Any CPU.Build.0 = Release|Any CPU
	EndGlobalSection
	GlobalSection(SolutionProperties) = preSolution
		HideSolutionNode = FALSE
	EndGlobalSection
	GlobalSection(ExtensibilityGlobals) = postSolution
		SolutionGuid = {64758C29-9D49-439E-8568-844C5A462D5A}
	EndGlobalSection
EndGlobal
